
Microsoft Visual Studio Solution File, Format Version 12.00
# Visual Studio 15
Project("{FAE04EC0-301F-11D3-BF4B-00C04F79EFBC}") = "Assembly-CSharp", "Assembly-CSharp.csproj", "{CC723B03-6BB7-A1AE-41E4-7CFDC8EE25EC}"
EndProject
Global
	GlobalSection(SolutionConfigurationPlatforms) = preSolution
		Debug|Any CPU = Debug|Any CPU
		Release|Any CPU = Release|Any CPU
	EndGlobalSection
	GlobalSection(ProjectConfigurationPlatforms) = postSolution
		{CC723B03-6BB7-A1AE-41E4-7CFDC8EE25EC}.Debug|Any CPU.ActiveCfg = Debug|Any CPU
		{CC723B03-6BB7-A1AE-41E4-7CFDC8EE25EC}.Debug|Any CPU.Build.0 = Debug|Any CPU
		{CC723B03-6BB7-A1AE-41E4-7CFDC8EE25EC}.Release|Any CPU.ActiveCfg = Release|Any CPU
		{CC723B03-6BB7-A1AE-41E4-7CFDC8EE25EC}.Release|Any CPU.Build.0 = Release|Any CPU
	EndGlobalSection
	GlobalSection(SolutionProperties) = preSolution
		HideSolutionNode = FALSE
	EndGlobalSection
EndGlobal
