
Microsoft Visual Studio Solution File, Format Version 12.00
# Visual Studio Version 16
VisualStudioVersion = 16.0.29613.14
MinimumVisualStudioVersion = 10.0.40219.1
Project("{FAE04EC0-301F-11D3-BF4B-00C04F79EFBC}") = "Assembly-CSharp", "Assembly-CSharp.csproj", "{16A0F6E9-512E-DE0B-BADE-0AF8BEBF4684}"
EndProject
Global
	GlobalSection(SolutionConfigurationPlatforms) = preSolution
		Debug|Any CPU = Debug|Any CPU
		Release|Any CPU = Release|Any CPU
	EndGlobalSection
	GlobalSection(ProjectConfigurationPlatforms) = postSolution
		{16A0F6E9-512E-DE0B-BADE-0AF8BEBF4684}.Debug|Any CPU.ActiveCfg = Debug|Any CPU
		{16A0F6E9-512E-DE0B-BADE-0AF8BEBF4684}.Debug|Any CPU.Build.0 = Debug|Any CPU
		{16A0F6E9-512E-DE0B-BADE-0AF8BEBF4684}.Release|Any CPU.ActiveCfg = Release|Any CPU
		{16A0F6E9-512E-DE0B-BADE-0AF8BEBF4684}.Release|Any CPU.Build.0 = Release|Any CPU
	EndGlobalSection
	GlobalSection(SolutionProperties) = preSolution
		HideSolutionNode = FALSE
	EndGlobalSection
	GlobalSection(ExtensibilityGlobals) = postSolution
		SolutionGuid = {005093D1-D6DC-4842-ADE9-4BDF8B784856}
	EndGlobalSection
EndGlobal
